
Microsoft Visual Studio Solution File, Format Version 12.00
# Visual Studio Version 17
VisualStudioVersion = 17.6.33712.159
MinimumVisualStudioVersion = 10.0.40219.1
Project("{FAE04EC0-301F-11D3-BF4B-00C04F79EFBC}") = "Hilos", "Hilos\Hilos.csproj", "{CCEBF67F-8997-41A4-A247-285A98680C43}"
EndProject
Global
	GlobalSection(SolutionConfigurationPlatforms) = preSolution
		Debug|Any CPU = Debug|Any CPU
		Release|Any CPU = Release|Any CPU
	EndGlobalSection
	GlobalSection(ProjectConfigurationPlatforms) = postSolution
		{CCEBF67F-8997-41A4-A247-285A98680C43}.Debug|Any CPU.ActiveCfg = Debug|Any CPU
		{CCEBF67F-8997-41A4-A247-285A98680C43}.Debug|Any CPU.Build.0 = Debug|Any CPU
		{CCEBF67F-8997-41A4-A247-285A98680C43}.Release|Any CPU.ActiveCfg = Release|Any CPU
		{CCEBF67F-8997-41A4-A247-285A98680C43}.Release|Any CPU.Build.0 = Release|Any CPU
	EndGlobalSection
	GlobalSection(SolutionProperties) = preSolution
		HideSolutionNode = FALSE
	EndGlobalSection
	GlobalSection(ExtensibilityGlobals) = postSolution
		SolutionGuid = {A607C9FC-BC4C-4BAB-BE6D-0409AB349D33}
	EndGlobalSection
EndGlobal
